{
    "_meta": {
        "hash": {
            "sha256": "3df15349aa402cea99abb24d81df61e921ee45b190e6c6e12d21716f8050d8eb"
        },
        "pipfile-spec": 6,
        "requires": {
            "python_version": "3.8"
        },
        "sources": [
            {
                "name": "pypi",
                "url": "https://pypi.org/simple",
                "verify_ssl": true
            }
        ]
    },
    "default": {
        "click": {
            "hashes": [
                "sha256:d2b5255c7c6349bc1bd1e59e08cd12acbbd63ce649f2588755783aa94dfb6b1a",
                "sha256:dacca89f4bfadd5de3d7489b7c8a566eee0d3676333fbb50030263894c38c0dc"
            ],
            "index": "pypi",
            "version": "==7.1.2"
        },
        "colored": {
            "hashes": [
                "sha256:056fac09d9e39b34296e7618897ed1b8c274f98423770c2980d829fd670955ed"
            ],
            "index": "pypi",
            "version": "==1.4.2"
        },
        "gevent": {
            "hashes": [
                "sha256:00b03601b8dd1ee2aa07811cb60a4befe36173b15d91c6e207e37f8d77dd6fac",
                "sha256:0acc15ba2ac2a555529ad82d5a28fc85dbb6b2ff947657d67bebfd352e2b5c14",
                "sha256:15eae3cd450dac7dae7f4ac59e01db1378965c9ef565c39c5ae78c5a888f9ac9",
                "sha256:1dc7f1f6bc1f67d625e4272b01e717eba0b4fa024d2ff7934c8d320674d6f7fa",
                "sha256:1dd95433be45e1115053878366e3f5332ae99c39cb345be23851327c062b9f4a",
                "sha256:28b7d83b4327ceb79668eca2049bf4b9ce66d5ace18a88335e3035b573f889fd",
                "sha256:31dc5d4ab8172cc00c4ff17cb18edee633babd961f64bf54214244d769bc3a74",
                "sha256:38db524ea88d81d596b2cbb6948fced26654a15fec40ea4529224e239a6f45e8",
                "sha256:3ff477b6d275396123faf8ce2d5b82f96d85ba264e0b9d4b56a2bac49d1b9adc",
                "sha256:4d2729dd4bf9c4d0f29482f53cdf9fc90a498aebb5cd7ae8b45d35657437d2ac",
                "sha256:52e5cd607749ed3b8aa0272cacf2c11deec61fca4c3bec57a9fea8c49316627d",
                "sha256:5c604179cebcc57f10505d8db177b92a715907815a464b066e7eba322d1c33ac",
                "sha256:88c76df4967c5229f853aa67ad1b394d9e4f985b0359c9bc9879416bba3e7c68",
                "sha256:929c33df8e9bcbe31906024fcd21580bd018196dbd3249eb5b2f19d63e11092d",
                "sha256:92edc18a357473e01a4e4a82c073ed3c99ceca6e3ce93c23668dd4a2401f07dc",
                "sha256:937d36730f2b0dee3387712074b1f15b802e2e074a3d7c6dcaf70521236d607c",
                "sha256:9b4e940fc6071afebb86ba5f48dbb5f1fc3cb96ebeb8cf145eb5b499e9c6ee33",
                "sha256:a7805934e8ce81610b61f806572c3d504cedd698cc8c9460d78d2893ba598c4a",
                "sha256:d07a2afe4215731eb57d5b257a2e7e7e170d8a7ae1f02f6d0682cd3403debea9",
                "sha256:e01d5373528e4ebdde66dc47a608d225fa3c4408ccd828d26c49b7ff75d82bd9",
                "sha256:efd9546468502a30ddd4699c3124ccb9d3099130f9b5ae1e2a54ad5b46e86120",
                "sha256:fcb64f3a28420d1b872b7ef41b12e8a1a4dcadfc8eff3c09993ab0cdf52584a1"
            ],
            "index": "pypi",
            "version": "==20.5.0"
        },
        "greenlet": {
            "hashes": [
                "sha256:000546ad01e6389e98626c1367be58efa613fa82a1be98b0c6fc24b563acc6d0",
                "sha256:0d48200bc50cbf498716712129eef819b1729339e34c3ae71656964dac907c28",
                "sha256:23d12eacffa9d0f290c0fe0c4e81ba6d5f3a5b7ac3c30a5eaf0126bf4deda5c8",
                "sha256:37c9ba82bd82eb6a23c2e5acc03055c0e45697253b2393c9a50cef76a3985304",
                "sha256:51155342eb4d6058a0ffcd98a798fe6ba21195517da97e15fca3db12ab201e6e",
                "sha256:51503524dd6f152ab4ad1fbd168fc6c30b5795e8c70be4410a64940b3abb55c0",
                "sha256:7457d685158522df483196b16ec648b28f8e847861adb01a55d41134e7734122",
                "sha256:8041e2de00e745c0e05a502d6e6db310db7faa7c979b3a5877123548a4c0b214",
                "sha256:81fcd96a275209ef117e9ec91f75c731fa18dcfd9ffaa1c0adbdaa3616a86043",
                "sha256:853da4f9563d982e4121fed8c92eea1a4594a2299037b3034c3c898cb8e933d6",
                "sha256:8b4572c334593d449113f9dc8d19b93b7b271bdbe90ba7509eb178923327b625",
                "sha256:9416443e219356e3c31f1f918a91badf2e37acf297e2fa13d24d1cc2380f8fbc",
                "sha256:9854f612e1b59ec66804931df5add3b2d5ef0067748ea29dc60f0efdcda9a638",
                "sha256:99a26afdb82ea83a265137a398f570402aa1f2b5dfb4ac3300c026931817b163",
                "sha256:a19bf883b3384957e4a4a13e6bd1ae3d85ae87f4beb5957e35b0be287f12f4e4",
                "sha256:a9f145660588187ff835c55a7d2ddf6abfc570c2651c276d3d4be8a2766db490",
                "sha256:ac57fcdcfb0b73bb3203b58a14501abb7e5ff9ea5e2edfa06bb03035f0cff248",
                "sha256:bcb530089ff24f6458a81ac3fa699e8c00194208a724b644ecc68422e1111939",
                "sha256:beeabe25c3b704f7d56b573f7d2ff88fc99f0138e43480cecdfcaa3b87fe4f87",
                "sha256:d634a7ea1fc3380ff96f9e44d8d22f38418c1c381d5fac680b272d7d90883720",
                "sha256:d97b0661e1aead761f0ded3b769044bb00ed5d33e1ec865e891a8b128bf7c656",
                "sha256:e538b8dae561080b542b0f5af64d47ef859f22517f7eca617bb314e0e03fd7ef"
            ],
            "markers": "platform_python_implementation == 'CPython'",
            "version": "==0.4.15"
        },
        "peewee": {
            "hashes": [
                "sha256:1269a9736865512bd4056298003aab190957afe07d2616cf22eaf56cb6398369"
            ],
            "index": "pypi",
            "version": "==3.13.3"
        }
    },
    "develop": {}
}
