{
    "_meta": {
        "hash": {
            "sha256": "7f4f7d1ab8900feedff2500029d545ba2a29360d3a09b484b64aa3eb80d0e47c"
        },
        "pipfile-spec": 6,
        "requires": {
            "python_version": "3.8"
        },
        "sources": [
            {
                "name": "pypi",
                "url": "https://pypi.org/simple",
                "verify_ssl": true
            }
        ]
    },
    "default": {
        "click": {
            "hashes": [
                "sha256:8a18b4ea89d8820c5d0c7da8a64b2c324b4dabb695804dbfea19b9be9d88c0cc",
                "sha256:e345d143d80bf5ee7534056164e5e112ea5e22716bbb1ce727941f4c8b471b9a"
            ],
            "index": "pypi",
            "version": "==7.1.1"
        },
        "colored": {
            "hashes": [
                "sha256:056fac09d9e39b34296e7618897ed1b8c274f98423770c2980d829fd670955ed"
            ],
            "index": "pypi",
            "version": "==1.4.2"
        },
        "peewee": {
            "hashes": [
                "sha256:9492af4d1f8e18a7fa0e930960315b38931286ea0f1659bbd5503456cffdacde"
            ],
            "index": "pypi",
            "version": "==3.13.1"
        }
    },
    "develop": {}
}
